
Microsoft Visual Studio Solution File, Format Version 12.00
# Visual Studio Version 16
VisualStudioVersion = 16.0.29403.142
MinimumVisualStudioVersion = 10.0.40219.1
Project("{FAE04EC0-301F-11D3-BF4B-00C04F79EFBC}") = "BlogApp", "BlogApp\BlogApp.csproj", "{86F2028D-C2FC-48A1-BBA0-E01986B65BB5}"
EndProject
Project("{FAE04EC0-301F-11D3-BF4B-00C04F79EFBC}") = "CalcContent", "CalcContent\CalcContent.csproj", "{8A5AB3E2-9769-43A5-8617-33C9E6E2A39A}"
EndProject
Global
	GlobalSection(SolutionConfigurationPlatforms) = preSolution
		Debug|Any CPU = Debug|Any CPU
		Release|Any CPU = Release|Any CPU
	EndGlobalSection
	GlobalSection(ProjectConfigurationPlatforms) = postSolution
		{86F2028D-C2FC-48A1-BBA0-E01986B65BB5}.Debug|Any CPU.ActiveCfg = Debug|Any CPU
		{86F2028D-C2FC-48A1-BBA0-E01986B65BB5}.Debug|Any CPU.Build.0 = Debug|Any CPU
		{86F2028D-C2FC-48A1-BBA0-E01986B65BB5}.Release|Any CPU.ActiveCfg = Release|Any CPU
		{86F2028D-C2FC-48A1-BBA0-E01986B65BB5}.Release|Any CPU.Build.0 = Release|Any CPU
		{8A5AB3E2-9769-43A5-8617-33C9E6E2A39A}.Debug|Any CPU.ActiveCfg = Debug|Any CPU
		{8A5AB3E2-9769-43A5-8617-33C9E6E2A39A}.Debug|Any CPU.Build.0 = Debug|Any CPU
		{8A5AB3E2-9769-43A5-8617-33C9E6E2A39A}.Release|Any CPU.ActiveCfg = Release|Any CPU
		{8A5AB3E2-9769-43A5-8617-33C9E6E2A39A}.Release|Any CPU.Build.0 = Release|Any CPU
	EndGlobalSection
	GlobalSection(SolutionProperties) = preSolution
		HideSolutionNode = FALSE
	EndGlobalSection
	GlobalSection(ExtensibilityGlobals) = postSolution
		SolutionGuid = {74FBA806-F0CA-4946-BFAA-C8D2483E0643}
	EndGlobalSection
EndGlobal
